
Microsoft Visual Studio Solution File, Format Version 11.00
# Visual Studio 2010
Project("{FAE04EC0-301F-11D3-BF4B-00C04F79EFBC}") = "Web", "Web\Web.csproj", "{D5DD871F-CB3D-44D9-AE4A-3A28B5851C8C}"
EndProject
Project("{FAE04EC0-301F-11D3-BF4B-00C04F79EFBC}") = "Model", "Model\Model.csproj", "{0786B64F-88EB-49BB-8EF9-FD2AC5DFFABD}"
EndProject
Project("{FAE04EC0-301F-11D3-BF4B-00C04F79EFBC}") = "DAL", "DAL\DAL.csproj", "{55E3A1F8-90F6-429E-AC09-DC58B62A6ECF}"
EndProject
Project("{FAE04EC0-301F-11D3-BF4B-00C04F79EFBC}") = "BLL", "BLL\BLL.csproj", "{878EA267-8E39-42A2-8BB8-22472067186B}"
EndProject
Project("{FAE04EC0-301F-11D3-BF4B-00C04F79EFBC}") = "Common", "Common\Common.csproj", "{69C791A1-CC67-4892-9E0C-2365E054D90E}"
EndProject
Global
	GlobalSection(SolutionConfigurationPlatforms) = preSolution
		Debug|Any CPU = Debug|Any CPU
		Release|Any CPU = Release|Any CPU
	EndGlobalSection
	GlobalSection(ProjectConfigurationPlatforms) = postSolution
		{D5DD871F-CB3D-44D9-AE4A-3A28B5851C8C}.Debug|Any CPU.ActiveCfg = Debug|Any CPU
		{D5DD871F-CB3D-44D9-AE4A-3A28B5851C8C}.Debug|Any CPU.Build.0 = Debug|Any CPU
		{D5DD871F-CB3D-44D9-AE4A-3A28B5851C8C}.Release|Any CPU.ActiveCfg = Release|Any CPU
		{D5DD871F-CB3D-44D9-AE4A-3A28B5851C8C}.Release|Any CPU.Build.0 = Release|Any CPU
		{0786B64F-88EB-49BB-8EF9-FD2AC5DFFABD}.Debug|Any CPU.ActiveCfg = Debug|Any CPU
		{0786B64F-88EB-49BB-8EF9-FD2AC5DFFABD}.Debug|Any CPU.Build.0 = Debug|Any CPU
		{0786B64F-88EB-49BB-8EF9-FD2AC5DFFABD}.Release|Any CPU.ActiveCfg = Release|Any CPU
		{0786B64F-88EB-49BB-8EF9-FD2AC5DFFABD}.Release|Any CPU.Build.0 = Release|Any CPU
		{55E3A1F8-90F6-429E-AC09-DC58B62A6ECF}.Debug|Any CPU.ActiveCfg = Debug|Any CPU
		{55E3A1F8-90F6-429E-AC09-DC58B62A6ECF}.Debug|Any CPU.Build.0 = Debug|Any CPU
		{55E3A1F8-90F6-429E-AC09-DC58B62A6ECF}.Release|Any CPU.ActiveCfg = Release|Any CPU
		{55E3A1F8-90F6-429E-AC09-DC58B62A6ECF}.Release|Any CPU.Build.0 = Release|Any CPU
		{878EA267-8E39-42A2-8BB8-22472067186B}.Debug|Any CPU.ActiveCfg = Debug|Any CPU
		{878EA267-8E39-42A2-8BB8-22472067186B}.Debug|Any CPU.Build.0 = Debug|Any CPU
		{878EA267-8E39-42A2-8BB8-22472067186B}.Release|Any CPU.ActiveCfg = Release|Any CPU
		{878EA267-8E39-42A2-8BB8-22472067186B}.Release|Any CPU.Build.0 = Release|Any CPU
		{69C791A1-CC67-4892-9E0C-2365E054D90E}.Debug|Any CPU.ActiveCfg = Debug|Any CPU
		{69C791A1-CC67-4892-9E0C-2365E054D90E}.Debug|Any CPU.Build.0 = Debug|Any CPU
		{69C791A1-CC67-4892-9E0C-2365E054D90E}.Release|Any CPU.ActiveCfg = Release|Any CPU
		{69C791A1-CC67-4892-9E0C-2365E054D90E}.Release|Any CPU.Build.0 = Release|Any CPU
	EndGlobalSection
	GlobalSection(SolutionProperties) = preSolution
		HideSolutionNode = FALSE
	EndGlobalSection
EndGlobal
